{
  "name": "compat-data",
  "lockfileVersion": 3,
  "requires": true,
  "packages": {
    "": {
      "name": "compat-data",
      "devDependencies": {
        "degit": "2.8.4"
      }
    },
    "../../node_modules/.pnpm/degit@2.8.4/node_modules/degit": {
      "version": "2.8.4",
      "dev": true,
      "license": "MIT",
      "bin": {
        "degit": "degit"
      },
      "devDependencies": {
        "@rollup/plugin-commonjs": "18.0.0",
        "@rollup/plugin-node-resolve": "11.2.1",
        "chalk": "4.1.0",
        "enquirer": "2.3.6",
        "eslint": "7.23.0",
        "eslint-config-prettier": "8.1.0",
        "eslint-plugin-import": "2.22.1",
        "fuzzysearch": "1.0.3",
        "home-or-tmp": "3.0.0",
        "https-proxy-agent": "5.0.0",
        "husky": "6.0.0",
        "lint-staged": "10.5.4",
        "mocha": "8.3.2",
        "mri": "1.1.6",
        "prettier": "2.2.1",
        "rimraf": "3.0.2",
        "rollup": "2.44.0",
        "rollup-plugin-commonjs": "10.1.0",
        "sander": "0.6.0",
        "source-map-support": "0.5.19",
        "tar": "6.1.0",
        "tiny-glob": "0.2.8"
      },
      "engines": {
        "node": ">=8.0.0"
      }
    },
    "node_modules/degit": {
      "resolved": "../../node_modules/.pnpm/degit@2.8.4/node_modules/degit",
      "link": true
    }
  }
}
