lockfileVersion: '6.0'

settings:
  autoInstallPeers: true
  excludeLinksFromLockfile: false

devDependencies:
  '@napi-rs/cli':
    specifier: ^2.18.0
    version: 2.18.0
  flatbuffers:
    specifier: ^23.5.26
    version: 23.5.26

packages:

  /@napi-rs/cli@2.18.0:
    resolution: {integrity: sha512-lfSRT7cs3iC4L+kv9suGYQEezn5Nii7Kpu+THsYVI0tA1Vh59LH45p4QADaD7hvIkmOz79eEGtoKQ9nAkAPkzA==}
    engines: {node: '>= 10'}
    hasBin: true
    dev: true

  /flatbuffers@23.5.26:
    resolution: {integrity: sha512-vE+SI9vrJDwi1oETtTIFldC/o9GsVKRM+s6EL0nQgxXlYV1Vc4Tk30hj4xGICftInKQKj1F3up2n8UbIVobISQ==}
    dev: true
